PODS:
  - KeychainAccess (3.2.0)
  - MagicalRecord (2.3.2):
    - MagicalRecord/Core (= 2.3.2)
  - MagicalRecord/Core (2.3.2)
  - MagicalRecord/ShorthandMethodAliases (2.3.2)

DEPENDENCIES:
  - KeychainAccess
  - MagicalRecord
  - MagicalRecord/ShorthandMethodAliases

SPEC REPOS:
  https://github.com/cocoapods/specs.git:
    - KeychainAccess
    - MagicalRecord

SPEC CHECKSUMS:
  KeychainAccess: 3b1bf8a77eb4c6ea1ce9404c292e48f948954c6b
  MagicalRecord: 53bed74b4323b930992a725be713e53b37d19755

PODFILE CHECKSUM: 271590978db1e4382a6d0b33e9533f1215b24753

COCOAPODS: 1.7.0
