// !$*UTF8*$!
{
	archiveVersion = 1;
	classes = {
	};
	objectVersion = 46;
	objects = {

/* Begin PBXBuildFile section */
		2A438D661A6D66A500101092 /* AppDelegate.swift in Sources */ = {isa = PBXBuildFile; fileRef = 2A438D651A6D66A500101092 /* AppDelegate.swift */; };
		2A438D6E1A6D66A500101092 /* Main.storyboard in Resources */ = {isa = PBXBuildFile; fileRef = 2A438D6C1A6D66A500101092 /* Main.storyboard */; };
		2A438D701A6D66A500101092 /* Images.xcassets in Resources */ = {isa = PBXBuildFile; fileRef = 2A438D6F1A6D66A500101092 /* Images.xcassets */; };
		2A438D731A6D66A500101092 /* LaunchScreen.xib in Resources */ = {isa = PBXBuildFile; fileRef = 2A438D711A6D66A500101092 /* LaunchScreen.xib */; };
		2A438D7F1A6D66A500101092 /* PasswordLockerSwiftTests.swift in Sources */ = {isa = PBXBuildFile; fileRef = 2A438D7E1A6D66A500101092 /* PasswordLockerSwiftTests.swift */; };
		2A438D8B1A6D670500101092 /* KeychainWrapper.swift in Sources */ = {isa = PBXBuildFile; fileRef = 2A438D8A1A6D670500101092 /* KeychainWrapper.swift */; };
		2A438D911A6D69E500101092 /* AuthenticationViewController.swift in Sources */ = {isa = PBXBuildFile; fileRef = 2A438D901A6D69E500101092 /* AuthenticationViewController.swift */; };
		2A6E28DD1AB1D74F00A25E73 /* AccountValuesTableViewController.swift in Sources */ = {isa = PBXBuildFile; fileRef = 2A6E28DC1AB1D74F00A25E73 /* AccountValuesTableViewController.swift */; };
		2A9300E41A76AF9500C5C66F /* PasswordLockerSwift.xcdatamodeld in Sources */ = {isa = PBXBuildFile; fileRef = 2A9300E21A76AF9500C5C66F /* PasswordLockerSwift.xcdatamodeld */; };
		2AA2B4641AADE65300876B50 /* EmailTableViewController.swift in Sources */ = {isa = PBXBuildFile; fileRef = 2AA2B4631AADE65300876B50 /* EmailTableViewController.swift */; };
		2AA2B4661AADE66400876B50 /* EditEmailTableViewController.swift in Sources */ = {isa = PBXBuildFile; fileRef = 2AA2B4651AADE66400876B50 /* EditEmailTableViewController.swift */; };
		2AA2B4691AADF81700876B50 /* BankAccountTableViewController.swift in Sources */ = {isa = PBXBuildFile; fileRef = 2AA2B4681AADF81700876B50 /* BankAccountTableViewController.swift */; };
		2AA2B46B1AADF82B00876B50 /* CreditCardTableViewController.swift in Sources */ = {isa = PBXBuildFile; fileRef = 2AA2B46A1AADF82B00876B50 /* CreditCardTableViewController.swift */; };
		2AA2B46D1AADF83700876B50 /* IDTableViewController.swift in Sources */ = {isa = PBXBuildFile; fileRef = 2AA2B46C1AADF83700876B50 /* IDTableViewController.swift */; };
		2AA2B46F1AADF84A00876B50 /* DriverLicenceTableViewController.swift in Sources */ = {isa = PBXBuildFile; fileRef = 2AA2B46E1AADF84A00876B50 /* DriverLicenceTableViewController.swift */; };
		2AA2B4711AADF85B00876B50 /* PassportTableViewController.swift in Sources */ = {isa = PBXBuildFile; fileRef = 2AA2B4701AADF85B00876B50 /* PassportTableViewController.swift */; };
		2AA2B4731AADF88D00876B50 /* MembershipTableViewController.swift in Sources */ = {isa = PBXBuildFile; fileRef = 2AA2B4721AADF88D00876B50 /* MembershipTableViewController.swift */; };
		2AA343F41AB879A700819709 /* Row.swift in Sources */ = {isa = PBXBuildFile; fileRef = 2AA343F31AB879A700819709 /* Row.swift */; };
		2AA343F61AB879A700819709 /* Category.swift in Sources */ = {isa = PBXBuildFile; fileRef = 2AA343F51AB879A700819709 /* Category.swift */; };
		2AA343F81AB879A800819709 /* Type.swift in Sources */ = {isa = PBXBuildFile; fileRef = 2AA343F71AB879A800819709 /* Type.swift */; };
		2AA343FB1AB87EFF00819709 /* InsertData.swift in Sources */ = {isa = PBXBuildFile; fileRef = 2AA343FA1AB87EFF00819709 /* InsertData.swift */; };
		2ACFDE561ABA070300579467 /* EditAccountValuesTableViewController.swift in Sources */ = {isa = PBXBuildFile; fileRef = 2ACFDE551ABA070300579467 /* EditAccountValuesTableViewController.swift */; };
		2AE8082C1A8127D70005E831 /* AddTableViewController.swift in Sources */ = {isa = PBXBuildFile; fileRef = 2AE8082B1A8127D70005E831 /* AddTableViewController.swift */; };
		2AE808301A8146150005E831 /* AccountTypeTableViewController.swift in Sources */ = {isa = PBXBuildFile; fileRef = 2AE8082F1A8146150005E831 /* AccountTypeTableViewController.swift */; };
		2AE808341A814BFF0005E831 /* NoteTypeTableViewController.swift in Sources */ = {isa = PBXBuildFile; fileRef = 2AE808331A814BFF0005E831 /* NoteTypeTableViewController.swift */; };
		2AE808361A814C130005E831 /* EmailTypeTableViewController.swift in Sources */ = {isa = PBXBuildFile; fileRef = 2AE808351A814C130005E831 /* EmailTypeTableViewController.swift */; };
		2AE808381A814C220005E831 /* WalletTypeTableViewController.swift in Sources */ = {isa = PBXBuildFile; fileRef = 2AE808371A814C220005E831 /* WalletTypeTableViewController.swift */; };
		2AF76B341A8172B900873A92 /* WebTypeTableViewController.swift in Sources */ = {isa = PBXBuildFile; fileRef = 2AF76B331A8172B900873A92 /* WebTypeTableViewController.swift */; };
		2AF76B391A8239D700873A92 /* GenericAccountTableViewController.swift in Sources */ = {isa = PBXBuildFile; fileRef = 2AF76B381A8239D700873A92 /* GenericAccountTableViewController.swift */; };
		2AF76B3B1A82951400873A92 /* InstantMessengerTableViewController.swift in Sources */ = {isa = PBXBuildFile; fileRef = 2AF76B3A1A82951400873A92 /* InstantMessengerTableViewController.swift */; };
		2AF76B3D1A82952700873A92 /* SoftwareLicenceTableViewController.swift in Sources */ = {isa = PBXBuildFile; fileRef = 2AF76B3C1A82952700873A92 /* SoftwareLicenceTableViewController.swift */; };
		2AF76B3F1A82953600873A92 /* DatabaseTableViewController.swift in Sources */ = {isa = PBXBuildFile; fileRef = 2AF76B3E1A82953600873A92 /* DatabaseTableViewController.swift */; };
		2AF76B411A82954500873A92 /* FtpServerTableViewController.swift in Sources */ = {isa = PBXBuildFile; fileRef = 2AF76B401A82954500873A92 /* FtpServerTableViewController.swift */; };
		2AF76B431A82955900873A92 /* WirelessRouterTableViewController.swift in Sources */ = {isa = PBXBuildFile; fileRef = 2AF76B421A82955900873A92 /* WirelessRouterTableViewController.swift */; };
		2AF76B451A82956800873A92 /* ServerTableViewController.swift in Sources */ = {isa = PBXBuildFile; fileRef = 2AF76B441A82956800873A92 /* ServerTableViewController.swift */; };
		2AF76B471A82B1C500873A92 /* Helper.swift in Sources */ = {isa = PBXBuildFile; fileRef = 2AF76B461A82B1C500873A92 /* Helper.swift */; };
		2AF76B4A1A82C48F00873A92 /* WebTableViewController.swift in Sources */ = {isa = PBXBuildFile; fileRef = 2AF76B491A82C48F00873A92 /* WebTableViewController.swift */; };
		2AF76B4C1A82C4A800873A92 /* EditWebTableViewController.swift in Sources */ = {isa = PBXBuildFile; fileRef = 2AF76B4B1A82C4A800873A92 /* EditWebTableViewController.swift */; };
		2AF76B4E1A83600000873A92 /* EditAccountTableViewController.swift in Sources */ = {isa = PBXBuildFile; fileRef = 2AF76B4D1A83600000873A92 /* EditAccountTableViewController.swift */; };
/* End PBXBuildFile section */

/* Begin PBXContainerItemProxy section */
		2A438D791A6D66A500101092 /* PBXContainerItemProxy */ = {
			isa = PBXContainerItemProxy;
			containerPortal = 2A438D581A6D66A500101092 /* Project object */;
			proxyType = 1;
			remoteGlobalIDString = 2A438D5F1A6D66A500101092;
			remoteInfo = PasswordLockerSwift;
		};
/* End PBXContainerItemProxy section */

/* Begin PBXFileReference section */
		2A438D601A6D66A500101092 /* PasswordLockerSwift.app */ = {isa = PBXFileReference; explicitFileType = wrapper.application; includeInIndex = 0; path = PasswordLockerSwift.app; sourceTree = BUILT_PRODUCTS_DIR; };
		2A438D641A6D66A500101092 /* Info.plist */ = {isa = PBXFileReference; lastKnownFileType = text.plist.xml; path = Info.plist; sourceTree = "<group>"; };
		2A438D651A6D66A500101092 /* AppDelegate.swift */ = {isa = PBXFileReference; lastKnownFileType = sourcecode.swift; path = AppDelegate.swift; sourceTree = "<group>"; };
		2A438D6D1A6D66A500101092 /* Base */ = {isa = PBXFileReference; lastKnownFileType = file.storyboard; name = Base; path = Base.lproj/Main.storyboard; sourceTree = "<group>"; };
		2A438D6F1A6D66A500101092 /* Images.xcassets */ = {isa = PBXFileReference; lastKnownFileType = folder.assetcatalog; path = Images.xcassets; sourceTree = "<group>"; };
		2A438D721A6D66A500101092 /* Base */ = {isa = PBXFileReference; lastKnownFileType = file.xib; name = Base; path = Base.lproj/LaunchScreen.xib; sourceTree = "<group>"; };
		2A438D781A6D66A500101092 /* PasswordLockerSwiftTests.xctest */ = {isa = PBXFileReference; explicitFileType = wrapper.cfbundle; includeInIndex = 0; path = PasswordLockerSwiftTests.xctest; sourceTree = BUILT_PRODUCTS_DIR; };
		2A438D7D1A6D66A500101092 /* Info.plist */ = {isa = PBXFileReference; lastKnownFileType = text.plist.xml; path = Info.plist; sourceTree = "<group>"; };
		2A438D7E1A6D66A500101092 /* PasswordLockerSwiftTests.swift */ = {isa = PBXFileReference; lastKnownFileType = sourcecode.swift; path = PasswordLockerSwiftTests.swift; sourceTree = "<group>"; };
		2A438D8A1A6D670500101092 /* KeychainWrapper.swift */ = {isa = PBXFileReference; fileEncoding = 4; lastKnownFileType = sourcecode.swift; path = KeychainWrapper.swift; sourceTree = "<group>"; };
		2A438D901A6D69E500101092 /* AuthenticationViewController.swift */ = {isa = PBXFileReference; fileEncoding = 4; lastKnownFileType = sourcecode.swift; path = AuthenticationViewController.swift; sourceTree = "<group>"; };
		2A6E28DC1AB1D74F00A25E73 /* AccountValuesTableViewController.swift */ = {isa = PBXFileReference; fileEncoding = 4; lastKnownFileType = sourcecode.swift; path = AccountValuesTableViewController.swift; sourceTree = "<group>"; };
		2A9300E31A76AF9500C5C66F /* PasswordLockerSwift.xcdatamodel */ = {isa = PBXFileReference; lastKnownFileType = wrapper.xcdatamodel; path = PasswordLockerSwift.xcdatamodel; sourceTree = "<group>"; };
		2AA2B4631AADE65300876B50 /* EmailTableViewController.swift */ = {isa = PBXFileReference; fileEncoding = 4; lastKnownFileType = sourcecode.swift; path = EmailTableViewController.swift; sourceTree = "<group>"; };
		2AA2B4651AADE66400876B50 /* EditEmailTableViewController.swift */ = {isa = PBXFileReference; fileEncoding = 4; lastKnownFileType = sourcecode.swift; path = EditEmailTableViewController.swift; sourceTree = "<group>"; };
		2AA2B4681AADF81700876B50 /* BankAccountTableViewController.swift */ = {isa = PBXFileReference; fileEncoding = 4; lastKnownFileType = sourcecode.swift; path = BankAccountTableViewController.swift; sourceTree = "<group>"; };
		2AA2B46A1AADF82B00876B50 /* CreditCardTableViewController.swift */ = {isa = PBXFileReference; fileEncoding = 4; lastKnownFileType = sourcecode.swift; path = CreditCardTableViewController.swift; sourceTree = "<group>"; };
		2AA2B46C1AADF83700876B50 /* IDTableViewController.swift */ = {isa = PBXFileReference; fileEncoding = 4; lastKnownFileType = sourcecode.swift; path = IDTableViewController.swift; sourceTree = "<group>"; };
		2AA2B46E1AADF84A00876B50 /* DriverLicenceTableViewController.swift */ = {isa = PBXFileReference; fileEncoding = 4; lastKnownFileType = sourcecode.swift; path = DriverLicenceTableViewController.swift; sourceTree = "<group>"; };
		2AA2B4701AADF85B00876B50 /* PassportTableViewController.swift */ = {isa = PBXFileReference; fileEncoding = 4; lastKnownFileType = sourcecode.swift; path = PassportTableViewController.swift; sourceTree = "<group>"; };
		2AA2B4721AADF88D00876B50 /* MembershipTableViewController.swift */ = {isa = PBXFileReference; fileEncoding = 4; lastKnownFileType = sourcecode.swift; path = MembershipTableViewController.swift; sourceTree = "<group>"; };
		2AA343F31AB879A700819709 /* Row.swift */ = {isa = PBXFileReference; fileEncoding = 4; lastKnownFileType = sourcecode.swift; path = Row.swift; sourceTree = "<group>"; };
		2AA343F51AB879A700819709 /* Category.swift */ = {isa = PBXFileReference; fileEncoding = 4; lastKnownFileType = sourcecode.swift; path = Category.swift; sourceTree = "<group>"; };
		2AA343F71AB879A800819709 /* Type.swift */ = {isa = PBXFileReference; fileEncoding = 4; lastKnownFileType = sourcecode.swift; path = Type.swift; sourceTree = "<group>"; };
		2AA343FA1AB87EFF00819709 /* InsertData.swift */ = {isa = PBXFileReference; fileEncoding = 4; lastKnownFileType = sourcecode.swift; path = InsertData.swift; sourceTree = "<group>"; };
		2ACFDE551ABA070300579467 /* EditAccountValuesTableViewController.swift */ = {isa = PBXFileReference; fileEncoding = 4; lastKnownFileType = sourcecode.swift; path = EditAccountValuesTableViewController.swift; sourceTree = "<group>"; };
		2AE8082B1A8127D70005E831 /* AddTableViewController.swift */ = {isa = PBXFileReference; fileEncoding = 4; lastKnownFileType = sourcecode.swift; path = AddTableViewController.swift; sourceTree = "<group>"; };
		2AE8082F1A8146150005E831 /* AccountTypeTableViewController.swift */ = {isa = PBXFileReference; fileEncoding = 4; lastKnownFileType = sourcecode.swift; path = AccountTypeTableViewController.swift; sourceTree = "<group>"; };
		2AE808331A814BFF0005E831 /* NoteTypeTableViewController.swift */ = {isa = PBXFileReference; fileEncoding = 4; lastKnownFileType = sourcecode.swift; path = NoteTypeTableViewController.swift; sourceTree = "<group>"; };
		2AE808351A814C130005E831 /* EmailTypeTableViewController.swift */ = {isa = PBXFileReference; fileEncoding = 4; lastKnownFileType = sourcecode.swift; path = EmailTypeTableViewController.swift; sourceTree = "<group>"; };
		2AE808371A814C220005E831 /* WalletTypeTableViewController.swift */ = {isa = PBXFileReference; fileEncoding = 4; lastKnownFileType = sourcecode.swift; path = WalletTypeTableViewController.swift; sourceTree = "<group>"; };
		2AF76B331A8172B900873A92 /* WebTypeTableViewController.swift */ = {isa = PBXFileReference; fileEncoding = 4; lastKnownFileType = sourcecode.swift; path = WebTypeTableViewController.swift; sourceTree = "<group>"; };
		2AF76B381A8239D700873A92 /* GenericAccountTableViewController.swift */ = {isa = PBXFileReference; fileEncoding = 4; lastKnownFileType = sourcecode.swift; path = GenericAccountTableViewController.swift; sourceTree = "<group>"; };
		2AF76B3A1A82951400873A92 /* InstantMessengerTableViewController.swift */ = {isa = PBXFileReference; fileEncoding = 4; lastKnownFileType = sourcecode.swift; path = InstantMessengerTableViewController.swift; sourceTree = "<group>"; };
		2AF76B3C1A82952700873A92 /* SoftwareLicenceTableViewController.swift */ = {isa = PBXFileReference; fileEncoding = 4; lastKnownFileType = sourcecode.swift; path = SoftwareLicenceTableViewController.swift; sourceTree = "<group>"; };
		2AF76B3E1A82953600873A92 /* DatabaseTableViewController.swift */ = {isa = PBXFileReference; fileEncoding = 4; lastKnownFileType = sourcecode.swift; path = DatabaseTableViewController.swift; sourceTree = "<group>"; };
		2AF76B401A82954500873A92 /* FtpServerTableViewController.swift */ = {isa = PBXFileReference; fileEncoding = 4; lastKnownFileType = sourcecode.swift; path = FtpServerTableViewController.swift; sourceTree = "<group>"; };
		2AF76B421A82955900873A92 /* WirelessRouterTableViewController.swift */ = {isa = PBXFileReference; fileEncoding = 4; lastKnownFileType = sourcecode.swift; path = WirelessRouterTableViewController.swift; sourceTree = "<group>"; };
		2AF76B441A82956800873A92 /* ServerTableViewController.swift */ = {isa = PBXFileReference; fileEncoding = 4; lastKnownFileType = sourcecode.swift; path = ServerTableViewController.swift; sourceTree = "<group>"; };
		2AF76B461A82B1C500873A92 /* Helper.swift */ = {isa = PBXFileReference; fileEncoding = 4; lastKnownFileType = sourcecode.swift; path = Helper.swift; sourceTree = "<group>"; };
		2AF76B491A82C48F00873A92 /* WebTableViewController.swift */ = {isa = PBXFileReference; fileEncoding = 4; lastKnownFileType = sourcecode.swift; path = WebTableViewController.swift; sourceTree = "<group>"; };
		2AF76B4B1A82C4A800873A92 /* EditWebTableViewController.swift */ = {isa = PBXFileReference; fileEncoding = 4; lastKnownFileType = sourcecode.swift; path = EditWebTableViewController.swift; sourceTree = "<group>"; };
		2AF76B4D1A83600000873A92 /* EditAccountTableViewController.swift */ = {isa = PBXFileReference; fileEncoding = 4; lastKnownFileType = sourcecode.swift; path = EditAccountTableViewController.swift; sourceTree = "<group>"; };
/* End PBXFileReference section */

/* Begin PBXFrameworksBuildPhase section */
		2A438D5D1A6D66A500101092 /* Frameworks */ = {
			isa = PBXFrameworksBuildPhase;
			buildActionMask = 2147483647;
			files = (
			);
			runOnlyForDeploymentPostprocessing = 0;
		};
		2A438D751A6D66A500101092 /* Frameworks */ = {
			isa = PBXFrameworksBuildPhase;
			buildActionMask = 2147483647;
			files = (
			);
			runOnlyForDeploymentPostprocessing = 0;
		};
/* End PBXFrameworksBuildPhase section */

/* Begin PBXGroup section */
		2A438D571A6D66A400101092 = {
			isa = PBXGroup;
			children = (
				2A438D621A6D66A500101092 /* PasswordLockerSwift */,
				2A438D7B1A6D66A500101092 /* PasswordLockerSwiftTests */,
				2A438D611A6D66A500101092 /* Products */,
			);
			sourceTree = "<group>";
		};
		2A438D611A6D66A500101092 /* Products */ = {
			isa = PBXGroup;
			children = (
				2A438D601A6D66A500101092 /* PasswordLockerSwift.app */,
				2A438D781A6D66A500101092 /* PasswordLockerSwiftTests.xctest */,
			);
			name = Products;
			sourceTree = "<group>";
		};
		2A438D621A6D66A500101092 /* PasswordLockerSwift */ = {
			isa = PBXGroup;
			children = (
				2A438D8C1A6D67D200101092 /* View */,
				2A438D8D1A6D67DA00101092 /* Controller */,
				2A438D881A6D66C700101092 /* Model */,
				2A438D631A6D66A500101092 /* Supporting Files */,
			);
			path = PasswordLockerSwift;
			sourceTree = "<group>";
		};
		2A438D631A6D66A500101092 /* Supporting Files */ = {
			isa = PBXGroup;
			children = (
				2A438D6F1A6D66A500101092 /* Images.xcassets */,
				2A438D651A6D66A500101092 /* AppDelegate.swift */,
				2A438D641A6D66A500101092 /* Info.plist */,
			);
			name = "Supporting Files";
			sourceTree = "<group>";
		};
		2A438D7B1A6D66A500101092 /* PasswordLockerSwiftTests */ = {
			isa = PBXGroup;
			children = (
				2A438D7E1A6D66A500101092 /* PasswordLockerSwiftTests.swift */,
				2A438D7C1A6D66A500101092 /* Supporting Files */,
			);
			path = PasswordLockerSwiftTests;
			sourceTree = "<group>";
		};
		2A438D7C1A6D66A500101092 /* Supporting Files */ = {
			isa = PBXGroup;
			children = (
				2A438D7D1A6D66A500101092 /* Info.plist */,
			);
			name = "Supporting Files";
			sourceTree = "<group>";
		};
		2A438D881A6D66C700101092 /* Model */ = {
			isa = PBXGroup;
			children = (
				2AA343F91AB87EAA00819709 /* DataInsertion */,
				2A9300E21A76AF9500C5C66F /* PasswordLockerSwift.xcdatamodeld */,
				2AA343F71AB879A800819709 /* Type.swift */,
				2AA343F51AB879A700819709 /* Category.swift */,
				2AA343F31AB879A700819709 /* Row.swift */,
				2A438D891A6D66EC00101092 /* Utils */,
			);
			name = Model;
			sourceTree = "<group>";
		};
		2A438D891A6D66EC00101092 /* Utils */ = {
			isa = PBXGroup;
			children = (
				2A438D8A1A6D670500101092 /* KeychainWrapper.swift */,
				2AF76B461A82B1C500873A92 /* Helper.swift */,
			);
			name = Utils;
			sourceTree = "<group>";
		};
		2A438D8C1A6D67D200101092 /* View */ = {
			isa = PBXGroup;
			children = (
				2A438D711A6D66A500101092 /* LaunchScreen.xib */,
				2A438D6C1A6D66A500101092 /* Main.storyboard */,
			);
			name = View;
			sourceTree = "<group>";
		};
		2A438D8D1A6D67DA00101092 /* Controller */ = {
			isa = PBXGroup;
			children = (
				2AA2B4671AADEDDE00876B50 /* Wallet */,
				2AF76B361A82399C00873A92 /* Add */,
				2AF76B351A82398B00873A92 /* Account */,
				2AF76B481A82B93900873A92 /* Web */,
				2AA2B4621AADE53300876B50 /* Email */,
				2AF76B371A8239B400873A92 /* Type */,
				2A438D901A6D69E500101092 /* AuthenticationViewController.swift */,
			);
			name = Controller;
			sourceTree = "<group>";
		};
		2A6E28DE1AB1D75200A25E73 /* dinamik */ = {
			isa = PBXGroup;
			children = (
				2A6E28DC1AB1D74F00A25E73 /* AccountValuesTableViewController.swift */,
				2ACFDE551ABA070300579467 /* EditAccountValuesTableViewController.swift */,
			);
			name = dinamik;
			sourceTree = "<group>";
		};
		2AA2B4621AADE53300876B50 /* Email */ = {
			isa = PBXGroup;
			children = (
				2AA2B4631AADE65300876B50 /* EmailTableViewController.swift */,
				2AA2B4651AADE66400876B50 /* EditEmailTableViewController.swift */,
			);
			name = Email;
			sourceTree = "<group>";
		};
		2AA2B4671AADEDDE00876B50 /* Wallet */ = {
			isa = PBXGroup;
			children = (
				2AA2B4681AADF81700876B50 /* BankAccountTableViewController.swift */,
				2AA2B46A1AADF82B00876B50 /* CreditCardTableViewController.swift */,
				2AA2B46C1AADF83700876B50 /* IDTableViewController.swift */,
				2AA2B46E1AADF84A00876B50 /* DriverLicenceTableViewController.swift */,
				2AA2B4701AADF85B00876B50 /* PassportTableViewController.swift */,
				2AA2B4721AADF88D00876B50 /* MembershipTableViewController.swift */,
			);
			name = Wallet;
			sourceTree = "<group>";
		};
		2AA343F91AB87EAA00819709 /* DataInsertion */ = {
			isa = PBXGroup;
			children = (
				2AA343FA1AB87EFF00819709 /* InsertData.swift */,
			);
			name = DataInsertion;
			sourceTree = "<group>";
		};
		2AA343FC1AB88A6100819709 /* SubAccount */ = {
			isa = PBXGroup;
			children = (
				2AF76B381A8239D700873A92 /* GenericAccountTableViewController.swift */,
				2AF76B3A1A82951400873A92 /* InstantMessengerTableViewController.swift */,
				2AF76B3C1A82952700873A92 /* SoftwareLicenceTableViewController.swift */,
				2AF76B3E1A82953600873A92 /* DatabaseTableViewController.swift */,
				2AF76B401A82954500873A92 /* FtpServerTableViewController.swift */,
				2AF76B421A82955900873A92 /* WirelessRouterTableViewController.swift */,
				2AF76B441A82956800873A92 /* ServerTableViewController.swift */,
				2AF76B4D1A83600000873A92 /* EditAccountTableViewController.swift */,
			);
			name = SubAccount;
			sourceTree = "<group>";
		};
		2AF76B351A82398B00873A92 /* Account */ = {
			isa = PBXGroup;
			children = (
				2AA343FC1AB88A6100819709 /* SubAccount */,
				2A6E28DE1AB1D75200A25E73 /* dinamik */,
			);
			name = Account;
			sourceTree = "<group>";
		};
		2AF76B361A82399C00873A92 /* Add */ = {
			isa = PBXGroup;
			children = (
				2AE8082B1A8127D70005E831 /* AddTableViewController.swift */,
			);
			name = Add;
			sourceTree = "<group>";
		};
		2AF76B371A8239B400873A92 /* Type */ = {
			isa = PBXGroup;
			children = (
				2AE8082F1A8146150005E831 /* AccountTypeTableViewController.swift */,
				2AF76B331A8172B900873A92 /* WebTypeTableViewController.swift */,
				2AE808331A814BFF0005E831 /* NoteTypeTableViewController.swift */,
				2AE808351A814C130005E831 /* EmailTypeTableViewController.swift */,
				2AE808371A814C220005E831 /* WalletTypeTableViewController.swift */,
			);
			name = Type;
			sourceTree = "<group>";
		};
		2AF76B481A82B93900873A92 /* Web */ = {
			isa = PBXGroup;
			children = (
				2AF76B491A82C48F00873A92 /* WebTableViewController.swift */,
				2AF76B4B1A82C4A800873A92 /* EditWebTableViewController.swift */,
			);
			name = Web;
			sourceTree = "<group>";
		};
/* End PBXGroup section */

/* Begin PBXNativeTarget section */
		2A438D5F1A6D66A500101092 /* PasswordLockerSwift */ = {
			isa = PBXNativeTarget;
			buildConfigurationList = 2A438D821A6D66A500101092 /* Build configuration list for PBXNativeTarget "PasswordLockerSwift" */;
			buildPhases = (
				2A438D5C1A6D66A500101092 /* Sources */,
				2A438D5D1A6D66A500101092 /* Frameworks */,
				2A438D5E1A6D66A500101092 /* Resources */,
			);
			buildRules = (
			);
			dependencies = (
			);
			name = PasswordLockerSwift;
			productName = PasswordLockerSwift;
			productReference = 2A438D601A6D66A500101092 /* PasswordLockerSwift.app */;
			productType = "com.apple.product-type.application";
		};
		2A438D771A6D66A500101092 /* PasswordLockerSwiftTests */ = {
			isa = PBXNativeTarget;
			buildConfigurationList = 2A438D851A6D66A500101092 /* Build configuration list for PBXNativeTarget "PasswordLockerSwiftTests" */;
			buildPhases = (
				2A438D741A6D66A500101092 /* Sources */,
				2A438D751A6D66A500101092 /* Frameworks */,
				2A438D761A6D66A500101092 /* Resources */,
			);
			buildRules = (
			);
			dependencies = (
				2A438D7A1A6D66A500101092 /* PBXTargetDependency */,
			);
			name = PasswordLockerSwiftTests;
			productName = PasswordLockerSwiftTests;
			productReference = 2A438D781A6D66A500101092 /* PasswordLockerSwiftTests.xctest */;
			productType = "com.apple.product-type.bundle.unit-test";
		};
/* End PBXNativeTarget section */

/* Begin PBXProject section */
		2A438D581A6D66A500101092 /* Project object */ = {
			isa = PBXProject;
			attributes = {
				LastUpgradeCheck = 0610;
				ORGANIZATIONNAME = Eray;
				TargetAttributes = {
					2A438D5F1A6D66A500101092 = {
						CreatedOnToolsVersion = 6.1.1;
					};
					2A438D771A6D66A500101092 = {
						CreatedOnToolsVersion = 6.1.1;
						TestTargetID = 2A438D5F1A6D66A500101092;
					};
				};
			};
			buildConfigurationList = 2A438D5B1A6D66A500101092 /* Build configuration list for PBXProject "PasswordLockerSwift" */;
			compatibilityVersion = "Xcode 3.2";
			developmentRegion = English;
			hasScannedForEncodings = 0;
			knownRegions = (
				en,
				Base,
			);
			mainGroup = 2A438D571A6D66A400101092;
			productRefGroup = 2A438D611A6D66A500101092 /* Products */;
			projectDirPath = "";
			projectRoot = "";
			targets = (
				2A438D5F1A6D66A500101092 /* PasswordLockerSwift */,
				2A438D771A6D66A500101092 /* PasswordLockerSwiftTests */,
			);
		};
/* End PBXProject section */

/* Begin PBXResourcesBuildPhase section */
		2A438D5E1A6D66A500101092 /* Resources */ = {
			isa = PBXResourcesBuildPhase;
			buildActionMask = 2147483647;
			files = (
				2A438D6E1A6D66A500101092 /* Main.storyboard in Resources */,
				2A438D731A6D66A500101092 /* LaunchScreen.xib in Resources */,
				2A438D701A6D66A500101092 /* Images.xcassets in Resources */,
			);
			runOnlyForDeploymentPostprocessing = 0;
		};
		2A438D761A6D66A500101092 /* Resources */ = {
			isa = PBXResourcesBuildPhase;
			buildActionMask = 2147483647;
			files = (
			);
			runOnlyForDeploymentPostprocessing = 0;
		};
/* End PBXResourcesBuildPhase section */

/* Begin PBXSourcesBuildPhase section */
		2A438D5C1A6D66A500101092 /* Sources */ = {
			isa = PBXSourcesBuildPhase;
			buildActionMask = 2147483647;
			files = (
				2A9300E41A76AF9500C5C66F /* PasswordLockerSwift.xcdatamodeld in Sources */,
				2AE808341A814BFF0005E831 /* NoteTypeTableViewController.swift in Sources */,
				2AA2B46F1AADF84A00876B50 /* DriverLicenceTableViewController.swift in Sources */,
				2A438D8B1A6D670500101092 /* KeychainWrapper.swift in Sources */,
				2AA2B4731AADF88D00876B50 /* MembershipTableViewController.swift in Sources */,
				2A438D911A6D69E500101092 /* AuthenticationViewController.swift in Sources */,
				2AA343FB1AB87EFF00819709 /* InsertData.swift in Sources */,
				2AF76B391A8239D700873A92 /* GenericAccountTableViewController.swift in Sources */,
				2AE8082C1A8127D70005E831 /* AddTableViewController.swift in Sources */,
				2AF76B431A82955900873A92 /* WirelessRouterTableViewController.swift in Sources */,
				2AA343F81AB879A800819709 /* Type.swift in Sources */,
				2AE808361A814C130005E831 /* EmailTypeTableViewController.swift in Sources */,
				2AA2B46B1AADF82B00876B50 /* CreditCardTableViewController.swift in Sources */,
				2AF76B451A82956800873A92 /* ServerTableViewController.swift in Sources */,
				2AA2B4661AADE66400876B50 /* EditEmailTableViewController.swift in Sources */,
				2ACFDE561ABA070300579467 /* EditAccountValuesTableViewController.swift in Sources */,
				2A438D661A6D66A500101092 /* AppDelegate.swift in Sources */,
				2AF76B341A8172B900873A92 /* WebTypeTableViewController.swift in Sources */,
				2AA2B46D1AADF83700876B50 /* IDTableViewController.swift in Sources */,
				2A6E28DD1AB1D74F00A25E73 /* AccountValuesTableViewController.swift in Sources */,
				2AA343F61AB879A700819709 /* Category.swift in Sources */,
				2AA343F41AB879A700819709 /* Row.swift in Sources */,
				2AA2B4691AADF81700876B50 /* BankAccountTableViewController.swift in Sources */,
				2AE808301A8146150005E831 /* AccountTypeTableViewController.swift in Sources */,
				2AF76B3F1A82953600873A92 /* DatabaseTableViewController.swift in Sources */,
				2AF76B4C1A82C4A800873A92 /* EditWebTableViewController.swift in Sources */,
				2AF76B411A82954500873A92 /* FtpServerTableViewController.swift in Sources */,
				2AF76B4A1A82C48F00873A92 /* WebTableViewController.swift in Sources */,
				2AF76B3D1A82952700873A92 /* SoftwareLicenceTableViewController.swift in Sources */,
				2AF76B4E1A83600000873A92 /* EditAccountTableViewController.swift in Sources */,
				2AF76B3B1A82951400873A92 /* InstantMessengerTableViewController.swift in Sources */,
				2AF76B471A82B1C500873A92 /* Helper.swift in Sources */,
				2AA2B4641AADE65300876B50 /* EmailTableViewController.swift in Sources */,
				2AA2B4711AADF85B00876B50 /* PassportTableViewController.swift in Sources */,
				2AE808381A814C220005E831 /* WalletTypeTableViewController.swift in Sources */,
			);
			runOnlyForDeploymentPostprocessing = 0;
		};
		2A438D741A6D66A500101092 /* Sources */ = {
			isa = PBXSourcesBuildPhase;
			buildActionMask = 2147483647;
			files = (
				2A438D7F1A6D66A500101092 /* PasswordLockerSwiftTests.swift in Sources */,
			);
			runOnlyForDeploymentPostprocessing = 0;
		};
/* End PBXSourcesBuildPhase section */

/* Begin PBXTargetDependency section */
		2A438D7A1A6D66A500101092 /* PBXTargetDependency */ = {
			isa = PBXTargetDependency;
			target = 2A438D5F1A6D66A500101092 /* PasswordLockerSwift */;
			targetProxy = 2A438D791A6D66A500101092 /* PBXContainerItemProxy */;
		};
/* End PBXTargetDependency section */

/* Begin PBXVariantGroup section */
		2A438D6C1A6D66A500101092 /* Main.storyboard */ = {
			isa = PBXVariantGroup;
			children = (
				2A438D6D1A6D66A500101092 /* Base */,
			);
			name = Main.storyboard;
			sourceTree = "<group>";
		};
		2A438D711A6D66A500101092 /* LaunchScreen.xib */ = {
			isa = PBXVariantGroup;
			children = (
				2A438D721A6D66A500101092 /* Base */,
			);
			name = LaunchScreen.xib;
			sourceTree = "<group>";
		};
/* End PBXVariantGroup section */

/* Begin XCBuildConfiguration section */
		2A438D801A6D66A500101092 /* Debug */ = {
			isa = XCBuildConfiguration;
			buildSettings = {
				ALWAYS_SEARCH_USER_PATHS = NO;
				CLANG_CXX_LANGUAGE_STANDARD = "gnu++0x";
				CLANG_CXX_LIBRARY = "libc++";
				CLANG_ENABLE_MODULES = YES;
				CLANG_ENABLE_OBJC_ARC = YES;
				CLANG_WARN_BOOL_CONVERSION = YES;
				CLANG_WARN_CONSTANT_CONVERSION = YES;
				CLANG_WARN_DIRECT_OBJC_ISA_USAGE = YES_ERROR;
				CLANG_WARN_EMPTY_BODY = YES;
				CLANG_WARN_ENUM_CONVERSION = YES;
				CLANG_WARN_INT_CONVERSION = YES;
				CLANG_WARN_OBJC_ROOT_CLASS = YES_ERROR;
				CLANG_WARN_UNREACHABLE_CODE = YES;
				CLANG_WARN__DUPLICATE_METHOD_MATCH = YES;
				"CODE_SIGN_IDENTITY[sdk=iphoneos*]" = "iPhone Developer";
				COPY_PHASE_STRIP = NO;
				ENABLE_STRICT_OBJC_MSGSEND = YES;
				GCC_C_LANGUAGE_STANDARD = gnu99;
				GCC_DYNAMIC_NO_PIC = NO;
				GCC_OPTIMIZATION_LEVEL = 0;
				GCC_PREPROCESSOR_DEFINITIONS = (
					"DEBUG=1",
					"$(inherited)",
				);
				GCC_SYMBOLS_PRIVATE_EXTERN = NO;
				GCC_WARN_64_TO_32_BIT_CONVERSION = YES;
				GCC_WARN_ABOUT_RETURN_TYPE = YES_ERROR;
				GCC_WARN_UNDECLARED_SELECTOR = YES;
				GCC_WARN_UNINITIALIZED_AUTOS = YES_AGGRESSIVE;
				GCC_WARN_UNUSED_FUNCTION = YES;
				GCC_WARN_UNUSED_VARIABLE = YES;
				IPHONEOS_DEPLOYMENT_TARGET = 8.1;
				MTL_ENABLE_DEBUG_INFO = YES;
				ONLY_ACTIVE_ARCH = YES;
				SDKROOT = iphoneos;
				SWIFT_OPTIMIZATION_LEVEL = "-Onone";
			};
			name = Debug;
		};
		2A438D811A6D66A500101092 /* Release */ = {
			isa = XCBuildConfiguration;
			buildSettings = {
				ALWAYS_SEARCH_USER_PATHS = NO;
				CLANG_CXX_LANGUAGE_STANDARD = "gnu++0x";
				CLANG_CXX_LIBRARY = "libc++";
				CLANG_ENABLE_MODULES = YES;
				CLANG_ENABLE_OBJC_ARC = YES;
				CLANG_WARN_BOOL_CONVERSION = YES;
				CLANG_WARN_CONSTANT_CONVERSION = YES;
				CLANG_WARN_DIRECT_OBJC_ISA_USAGE = YES_ERROR;
				CLANG_WARN_EMPTY_BODY = YES;
				CLANG_WARN_ENUM_CONVERSION = YES;
				CLANG_WARN_INT_CONVERSION = YES;
				CLANG_WARN_OBJC_ROOT_CLASS = YES_ERROR;
				CLANG_WARN_UNREACHABLE_CODE = YES;
				CLANG_WARN__DUPLICATE_METHOD_MATCH = YES;
				"CODE_SIGN_IDENTITY[sdk=iphoneos*]" = "iPhone Developer";
				COPY_PHASE_STRIP = YES;
				ENABLE_NS_ASSERTIONS = NO;
				ENABLE_STRICT_OBJC_MSGSEND = YES;
				GCC_C_LANGUAGE_STANDARD = gnu99;
				GCC_WARN_64_TO_32_BIT_CONVERSION = YES;
				GCC_WARN_ABOUT_RETURN_TYPE = YES_ERROR;
				GCC_WARN_UNDECLARED_SELECTOR = YES;
				GCC_WARN_UNINITIALIZED_AUTOS = YES_AGGRESSIVE;
				GCC_WARN_UNUSED_FUNCTION = YES;
				GCC_WARN_UNUSED_VARIABLE = YES;
				IPHONEOS_DEPLOYMENT_TARGET = 8.1;
				MTL_ENABLE_DEBUG_INFO = NO;
				SDKROOT = iphoneos;
				VALIDATE_PRODUCT = YES;
			};
			name = Release;
		};
		2A438D831A6D66A500101092 /* Debug */ = {
			isa = XCBuildConfiguration;
			buildSettings = {
				ASSETCATALOG_COMPILER_APPICON_NAME = AppIcon;
				CLANG_ENABLE_MODULES = YES;
				INFOPLIST_FILE = PasswordLockerSwift/Info.plist;
				LD_RUNPATH_SEARCH_PATHS = "$(inherited) @executable_path/Frameworks";
				PRODUCT_NAME = "$(TARGET_NAME)";
				SWIFT_OPTIMIZATION_LEVEL = "-Onone";
			};
			name = Debug;
		};
		2A438D841A6D66A500101092 /* Release */ = {
			isa = XCBuildConfiguration;
			buildSettings = {
				ASSETCATALOG_COMPILER_APPICON_NAME = AppIcon;
				CLANG_ENABLE_MODULES = YES;
				INFOPLIST_FILE = PasswordLockerSwift/Info.plist;
				LD_RUNPATH_SEARCH_PATHS = "$(inherited) @executable_path/Frameworks";
				PRODUCT_NAME = "$(TARGET_NAME)";
			};
			name = Release;
		};
		2A438D861A6D66A500101092 /* Debug */ = {
			isa = XCBuildConfiguration;
			buildSettings = {
				BUNDLE_LOADER = "$(TEST_HOST)";
				FRAMEWORK_SEARCH_PATHS = (
					"$(SDKROOT)/Developer/Library/Frameworks",
					"$(inherited)",
				);
				GCC_PREPROCESSOR_DEFINITIONS = (
					"DEBUG=1",
					"$(inherited)",
				);
				INFOPLIST_FILE = PasswordLockerSwiftTests/Info.plist;
				LD_RUNPATH_SEARCH_PATHS = "$(inherited) @executable_path/Frameworks @loader_path/Frameworks";
				PRODUCT_NAME = "$(TARGET_NAME)";
				TEST_HOST = "$(BUILT_PRODUCTS_DIR)/PasswordLockerSwift.app/PasswordLockerSwift";
			};
			name = Debug;
		};
		2A438D871A6D66A500101092 /* Release */ = {
			isa = XCBuildConfiguration;
			buildSettings = {
				BUNDLE_LOADER = "$(TEST_HOST)";
				FRAMEWORK_SEARCH_PATHS = (
					"$(SDKROOT)/Developer/Library/Frameworks",
					"$(inherited)",
				);
				INFOPLIST_FILE = PasswordLockerSwiftTests/Info.plist;
				LD_RUNPATH_SEARCH_PATHS = "$(inherited) @executable_path/Frameworks @loader_path/Frameworks";
				PRODUCT_NAME = "$(TARGET_NAME)";
				TEST_HOST = "$(BUILT_PRODUCTS_DIR)/PasswordLockerSwift.app/PasswordLockerSwift";
			};
			name = Release;
		};
/* End XCBuildConfiguration section */

/* Begin XCConfigurationList section */
		2A438D5B1A6D66A500101092 /* Build configuration list for PBXProject "PasswordLockerSwift" */ = {
			isa = XCConfigurationList;
			buildConfigurations = (
				2A438D801A6D66A500101092 /* Debug */,
				2A438D811A6D66A500101092 /* Release */,
			);
			defaultConfigurationIsVisible = 0;
			defaultConfigurationName = Release;
		};
		2A438D821A6D66A500101092 /* Build configuration list for PBXNativeTarget "PasswordLockerSwift" */ = {
			isa = XCConfigurationList;
			buildConfigurations = (
				2A438D831A6D66A500101092 /* Debug */,
				2A438D841A6D66A500101092 /* Release */,
			);
			defaultConfigurationIsVisible = 0;
			defaultConfigurationName = Release;
		};
		2A438D851A6D66A500101092 /* Build configuration list for PBXNativeTarget "PasswordLockerSwiftTests" */ = {
			isa = XCConfigurationList;
			buildConfigurations = (
				2A438D861A6D66A500101092 /* Debug */,
				2A438D871A6D66A500101092 /* Release */,
			);
			defaultConfigurationIsVisible = 0;
			defaultConfigurationName = Release;
		};
/* End XCConfigurationList section */

/* Begin XCVersionGroup section */
		2A9300E21A76AF9500C5C66F /* PasswordLockerSwift.xcdatamodeld */ = {
			isa = XCVersionGroup;
			children = (
				2A9300E31A76AF9500C5C66F /* PasswordLockerSwift.xcdatamodel */,
			);
			currentVersion = 2A9300E31A76AF9500C5C66F /* PasswordLockerSwift.xcdatamodel */;
			path = PasswordLockerSwift.xcdatamodeld;
			sourceTree = "<group>";
			versionGroupType = wrapper.xcdatamodel;
		};
/* End XCVersionGroup section */
	};
	rootObject = 2A438D581A6D66A500101092 /* Project object */;
}
